
Microsoft Visual Studio Solution File, Format Version 12.00
# Visual Studio 15
VisualStudioVersion = 15.0.28010.2050
MinimumVisualStudioVersion = 10.0.40219.1
Project("{FAE04EC0-301F-11D3-BF4B-00C04F79EFBC}") = "Okapi.Web.Api.Console.Test", "Okapi.Web.Api.Console.Test.csproj", "{80707132-FF4C-402A-B914-F5F8F31DB190}"
EndProject
Global
	GlobalSection(SolutionConfigurationPlatforms) = preSolution
		Debug|Any CPU = Debug|Any CPU
		Release|Any CPU = Release|Any CPU
	EndGlobalSection
	GlobalSection(ProjectConfigurationPlatforms) = postSolution
		{80707132-FF4C-402A-B914-F5F8F31DB190}.Debug|Any CPU.ActiveCfg = Debug|Any CPU
		{80707132-FF4C-402A-B914-F5F8F31DB190}.Debug|Any CPU.Build.0 = Debug|Any CPU
		{80707132-FF4C-402A-B914-F5F8F31DB190}.Release|Any CPU.ActiveCfg = Release|Any CPU
		{80707132-FF4C-402A-B914-F5F8F31DB190}.Release|Any CPU.Build.0 = Release|Any CPU
	EndGlobalSection
	GlobalSection(SolutionProperties) = preSolution
		HideSolutionNode = FALSE
	EndGlobalSection
	GlobalSection(ExtensibilityGlobals) = postSolution
		SolutionGuid = {101F1E94-C6CB-4DD6-BD9A-337899288518}
	EndGlobalSection
EndGlobal
